
Microsoft Visual Studio Solution File, Format Version 12.00
# Visual Studio Version 17
VisualStudioVersion = 17.11.35222.181
MinimumVisualStudioVersion = 10.0.40219.1
Project("{FAE04EC0-301F-11D3-BF4B-00C04F79EFBC}") = "Beolvasas_gyak", "Beolvasas_gyak\Beolvasas_gyak.csproj", "{F076900F-3500-46D1-9E4C-CD2F02DDEF45}"
EndProject
Global
	GlobalSection(SolutionConfigurationPlatforms) = preSolution
		Debug|Any CPU = Debug|Any CPU
		Release|Any CPU = Release|Any CPU
	EndGlobalSection
	GlobalSection(ProjectConfigurationPlatforms) = postSolution
		{F076900F-3500-46D1-9E4C-CD2F02DDEF45}.Debug|Any CPU.ActiveCfg = Debug|Any CPU
		{F076900F-3500-46D1-9E4C-CD2F02DDEF45}.Debug|Any CPU.Build.0 = Debug|Any CPU
		{F076900F-3500-46D1-9E4C-CD2F02DDEF45}.Release|Any CPU.ActiveCfg = Release|Any CPU
		{F076900F-3500-46D1-9E4C-CD2F02DDEF45}.Release|Any CPU.Build.0 = Release|Any CPU
	EndGlobalSection
	GlobalSection(SolutionProperties) = preSolution
		HideSolutionNode = FALSE
	EndGlobalSection
	GlobalSection(ExtensibilityGlobals) = postSolution
		SolutionGuid = {E888821D-152A-430D-82F4-BB05AE8C482A}
	EndGlobalSection
EndGlobal
